
Microsoft Visual Studio Solution File, Format Version 12.00
# Visual Studio Version 17
VisualStudioVersion = 17.11.35222.181
MinimumVisualStudioVersion = 10.0.40219.1
Project("{FAE04EC0-301F-11D3-BF4B-00C04F79EFBC}") = "MVC_Web", "MVC_Web\MVC_Web.csproj", "{5E31558E-6EC9-4D9F-A3F8-6DECCAAF4A28}"
EndProject
Global
	GlobalSection(SolutionConfigurationPlatforms) = preSolution
		Debug|Any CPU = Debug|Any CPU
		Release|Any CPU = Release|Any CPU
	EndGlobalSection
	GlobalSection(ProjectConfigurationPlatforms) = postSolution
		{5E31558E-6EC9-4D9F-A3F8-6DECCAAF4A28}.Debug|Any CPU.ActiveCfg = Debug|Any CPU
		{5E31558E-6EC9-4D9F-A3F8-6DECCAAF4A28}.Debug|Any CPU.Build.0 = Debug|Any CPU
		{5E31558E-6EC9-4D9F-A3F8-6DECCAAF4A28}.Release|Any CPU.ActiveCfg = Release|Any CPU
		{5E31558E-6EC9-4D9F-A3F8-6DECCAAF4A28}.Release|Any CPU.Build.0 = Release|Any CPU
	EndGlobalSection
	GlobalSection(SolutionProperties) = preSolution
		HideSolutionNode = FALSE
	EndGlobalSection
	GlobalSection(ExtensibilityGlobals) = postSolution
		SolutionGuid = {EAC58FB1-AC98-4980-B4EC-D2EF92B6D27E}
	EndGlobalSection
EndGlobal
